
Microsoft Visual Studio Solution File, Format Version 12.00
# Visual Studio Version 17
VisualStudioVersion = 17.4.33213.308
MinimumVisualStudioVersion = 10.0.40219.1
Project("{FAE04EC0-301F-11D3-BF4B-00C04F79EFBC}") = "WinFormsApp1", "WinFormsApp1.csproj", "{1B1FA39C-CFD0-4142-A807-9687B437A165}"
EndProject
Global
	GlobalSection(SolutionConfigurationPlatforms) = preSolution
		Debug|Any CPU = Debug|Any CPU
		Release|Any CPU = Release|Any CPU
	EndGlobalSection
	GlobalSection(ProjectConfigurationPlatforms) = postSolution
		{1B1FA39C-CFD0-4142-A807-9687B437A165}.Debug|Any CPU.ActiveCfg = Debug|Any CPU
		{1B1FA39C-CFD0-4142-A807-9687B437A165}.Debug|Any CPU.Build.0 = Debug|Any CPU
		{1B1FA39C-CFD0-4142-A807-9687B437A165}.Release|Any CPU.ActiveCfg = Release|Any CPU
		{1B1FA39C-CFD0-4142-A807-9687B437A165}.Release|Any CPU.Build.0 = Release|Any CPU
	EndGlobalSection
	GlobalSection(SolutionProperties) = preSolution
		HideSolutionNode = FALSE
	EndGlobalSection
	GlobalSection(ExtensibilityGlobals) = postSolution
		SolutionGuid = {C885BA79-0A32-458D-82E2-0C99D0A4DF48}
	EndGlobalSection
EndGlobal
